---
mruby:
  version: 3.4.0
  release_no: 30400
  git_commit: f830513978e15f7a9af55380a3208d60d345c416
builds:
  debug:
    https://github.com/Asmod4n/mruby-io_uring.git:
      url: https://github.com/Asmod4n/mruby-io_uring.git
      branch: main
      commit: 9962ef39e87c9e818504aed28d13f14b594d485f
      version: 0.10.0
    https://github.com/Asmod4n/mruby-c-ext-helpers.git:
      url: https://github.com/Asmod4n/mruby-c-ext-helpers.git
      branch: master
      commit: 83bc33fa88e87cfe34f05952532f16438ef3ed2c
      version: 0.2.0
  release:
    https://github.com/Asmod4n/mruby-io_uring.git:
      url: https://github.com/Asmod4n/mruby-io_uring.git
      branch: main
      commit: 9962ef39e87c9e818504aed28d13f14b594d485f
      version: 0.10.0
    https://github.com/Asmod4n/mruby-c-ext-helpers.git:
      url: https://github.com/Asmod4n/mruby-c-ext-helpers.git
      branch: master
      commit: 83bc33fa88e87cfe34f05952532f16438ef3ed2c
      version: 0.2.0
